name: Build Adblock.rsc
on:
  schedule:
    - cron: "* 18 * * *"
#  push:
#    branches: [ main ]
#  pull_request:
#    branches: [ main ]
  workflow_dispatch:
jobs:
  build:
    name: Build Adblock.rsc
    runs-on: ubuntu-latest
    steps:
      - name: Checkout
        uses: actions/checkout@v2
      - name: Create Cache
        run:  |
          mkdir -p ./Adblock/Cache/Upstream/
          mkdir -p ./Adblock/Cache/Build/
      - name: Download Upstream Files
        run:  |
          wget --no-check-certificate -c -O ./Adblock/Cache/Upstream/alexa.txt "https://raw.githubusercontent.com/nextdns/metadata/master/privacy/native/alexa"
          wget --no-check-certificate -c -O ./Adblock/Cache/Upstream/apple.txt "https://raw.githubusercontent.com/nextdns/metadata/master/privacy/native/apple"
          wget --no-check-certificate -c -O ./Adblock/Cache/Upstream/huawei.txt "https://raw.githubusercontent.com/nextdns/metadata/master/privacy/native/huawei"
          wget --no-check-certificate -c -O ./Adblock/Cache/Upstream/roku.txt "https://raw.githubusercontent.com/nextdns/metadata/master/privacy/native/roku"
          wget --no-check-certificate -c -O ./Adblock/Cache/Upstream/samsung.txt "https://raw.githubusercontent.com/nextdns/metadata/master/privacy/native/samsung"
          wget --no-check-certificate -c -O ./Adblock/Cache/Upstream/sonos.txt "https://raw.githubusercontent.com/nextdns/metadata/master/privacy/native/sonos"
          wget --no-check-certificate -c -O ./Adblock/Cache/Upstream/windows.txt "https://raw.githubusercontent.com/nextdns/metadata/master/privacy/native/windows"
          wget --no-check-certificate -c -O ./Adblock/Cache/Upstream/xiaomi.txt "https://raw.githubusercontent.com/nextdns/metadata/master/privacy/native/xiaomi"
          wget --no-check-certificate -c -O ./Adblock/Cache/Upstream/category-ads.txt "https://raw.githubusercontent.com/v2fly/domain-list-community/master/data/category-ads"
          wget --no-check-certificate -c -O ./Adblock/Cache/Upstream/category-ads-all.txt "https://raw.githubusercontent.com/v2fly/domain-list-community/master/data/category-ads-all"
          wget --no-check-certificate -c -O ./Adblock/Cache/Upstream/acfun-ads.txt "https://raw.githubusercontent.com/v2fly/domain-list-community/master/data/acfun-ads"
          wget --no-check-certificate -c -O ./Adblock/Cache/Upstream/adcolony-ads.txt "https://raw.githubusercontent.com/v2fly/domain-list-community/master/data/adcolony-ads"
          wget --no-check-certificate -c -O ./Adblock/Cache/Upstream/adjust-ads.txt "https://raw.githubusercontent.com/v2fly/domain-list-community/master/data/adjust-ads"
          wget --no-check-certificate -c -O ./Adblock/Cache/Upstream/alibaba-ads.txt "https://raw.githubusercontent.com/v2fly/domain-list-community/master/data/alibaba-ads"
          wget --no-check-certificate -c -O ./Adblock/Cache/Upstream/amazon-ads.txt "https://raw.githubusercontent.com/v2fly/domain-list-community/master/data/amazon-ads"
          wget --no-check-certificate -c -O ./Adblock/Cache/Upstream/apple-ads.txt "https://raw.githubusercontent.com/v2fly/domain-list-community/master/data/apple-ads"
          wget --no-check-certificate -c -O ./Adblock/Cache/Upstream/applovin-ads.txt "https://raw.githubusercontent.com/v2fly/domain-list-community/master/data/applovin-ads"
          wget --no-check-certificate -c -O ./Adblock/Cache/Upstream/atom-data-ads.txt "https://raw.githubusercontent.com/v2fly/domain-list-community/master/data/atom-data-ads"
          wget --no-check-certificate -c -O ./Adblock/Cache/Upstream/baidu-ads.txt "https://raw.githubusercontent.com/v2fly/domain-list-community/master/data/baidu-ads"
          wget --no-check-certificate -c -O ./Adblock/Cache/Upstream/bytedance-ads.txt "https://raw.githubusercontent.com/v2fly/domain-list-community/master/data/bytedance-ads"
          wget --no-check-certificate -c -O ./Adblock/Cache/Upstream/clearbitjs-ads.txt "https://raw.githubusercontent.com/v2fly/domain-list-community/master/data/clearbitjs-ads"
          wget --no-check-certificate -c -O ./Adblock/Cache/Upstream/dmm-ads.txt "https://raw.githubusercontent.com/v2fly/domain-list-community/master/data/dmm-ads"
          wget --no-check-certificate -c -O ./Adblock/Cache/Upstream/emogi-ads.txt "https://raw.githubusercontent.com/v2fly/domain-list-community/master/data/emogi-ads"
          wget --no-check-certificate -c -O ./Adblock/Cache/Upstream/flurry-ads.txt "https://raw.githubusercontent.com/v2fly/domain-list-community/master/data/flurry-ads"
          wget --no-check-certificate -c -O ./Adblock/Cache/Upstream/google-ads.txt "https://raw.githubusercontent.com/v2fly/domain-list-community/master/data/google-ads"
          wget --no-check-certificate -c -O ./Adblock/Cache/Upstream/growingio-ads.txt "https://raw.githubusercontent.com/v2fly/domain-list-community/master/data/growingio-ads"
          wget --no-check-certificate -c -O ./Adblock/Cache/Upstream/hiido-ads.txt "https://raw.githubusercontent.com/v2fly/domain-list-community/master/data/hiido-ads"
          wget --no-check-certificate -c -O ./Adblock/Cache/Upstream/hotjar-ads.txt "https://raw.githubusercontent.com/v2fly/domain-list-community/master/data/hotjar-ads"
          wget --no-check-certificate -c -O ./Adblock/Cache/Upstream/hunantv-ads.txt "https://raw.githubusercontent.com/v2fly/domain-list-community/master/data/hunantv-ads"
          wget --no-check-certificate -c -O ./Adblock/Cache/Upstream/inner-active-ads.txt "https://raw.githubusercontent.com/v2fly/domain-list-community/master/data/inner-active-ads"
          wget --no-check-certificate -c -O ./Adblock/Cache/Upstream/iqiyi-ads.txt "https://raw.githubusercontent.com/v2fly/domain-list-community/master/data/iqiyi-ads"
          wget --no-check-certificate -c -O ./Adblock/Cache/Upstream/jd-ads.txt "https://raw.githubusercontent.com/v2fly/domain-list-community/master/data/jd-ads"
          wget --no-check-certificate -c -O ./Adblock/Cache/Upstream/kuaishou-ads.txt "https://raw.githubusercontent.com/v2fly/domain-list-community/master/data/kuaishou-ads"
          wget --no-check-certificate -c -O ./Adblock/Cache/Upstream/leanplum-ads.txt "https://raw.githubusercontent.com/v2fly/domain-list-community/master/data/leanplum-ads"
          wget --no-check-certificate -c -O ./Adblock/Cache/Upstream/letv-ads.txt "https://raw.githubusercontent.com/v2fly/domain-list-community/master/data/letv-ads"
          wget --no-check-certificate -c -O ./Adblock/Cache/Upstream/mixpanel-ads.txt "https://raw.githubusercontent.com/v2fly/domain-list-community/master/data/mixpanel-ads"
          wget --no-check-certificate -c -O ./Adblock/Cache/Upstream/mopub-ads.txt "https://raw.githubusercontent.com/v2fly/domain-list-community/master/data/mopub-ads"
          wget --no-check-certificate -c -O ./Adblock/Cache/Upstream/mxplayer-ads.txt "https://raw.githubusercontent.com/v2fly/domain-list-community/master/data/mxplayer-ads"
          wget --no-check-certificate -c -O ./Adblock/Cache/Upstream/netease-ads.txt "https://raw.githubusercontent.com/v2fly/domain-list-community/master/data/netease-ads"
          wget --no-check-certificate -c -O ./Adblock/Cache/Upstream/newrelic-ads.txt "https://raw.githubusercontent.com/v2fly/domain-list-community/master/data/newrelic-ads"
          wget --no-check-certificate -c -O ./Adblock/Cache/Upstream/ogury-ads.txt "https://raw.githubusercontent.com/v2fly/domain-list-community/master/data/ogury-ads"
          wget --no-check-certificate -c -O ./Adblock/Cache/Upstream/onesignal-ads.txt "https://raw.githubusercontent.com/v2fly/domain-list-community/master/data/onesignal-ads"
          wget --no-check-certificate -c -O ./Adblock/Cache/Upstream/ookla-speedtest-ads.txt "https://raw.githubusercontent.com/v2fly/domain-list-community/master/data/ookla-speedtest-ads"
          wget --no-check-certificate -c -O ./Adblock/Cache/Upstream/pocoiq-ads.txt "https://raw.githubusercontent.com/v2fly/domain-list-community/master/data/pocoiq-ads"
          wget --no-check-certificate -c -O ./Adblock/Cache/Upstream/pubmatic-ads.txt "https://raw.githubusercontent.com/v2fly/domain-list-community/master/data/pubmatic-ads"
          wget --no-check-certificate -c -O ./Adblock/Cache/Upstream/segment-ads.txt "https://raw.githubusercontent.com/v2fly/domain-list-community/master/data/segment-ads"
          wget --no-check-certificate -c -O ./Adblock/Cache/Upstream/sensorsdata-ads.txt "https://raw.githubusercontent.com/v2fly/domain-list-community/master/data/sensorsdata-ads"
          wget --no-check-certificate -c -O ./Adblock/Cache/Upstream/sina-ads.txt "https://raw.githubusercontent.com/v2fly/domain-list-community/master/data/sina-ads"
          wget --no-check-certificate -c -O ./Adblock/Cache/Upstream/sohu-ads.txt "https://raw.githubusercontent.com/v2fly/domain-list-community/master/data/sohu-ads"
          wget --no-check-certificate -c -O ./Adblock/Cache/Upstream/spotify-ads.txt "https://raw.githubusercontent.com/v2fly/domain-list-community/master/data/spotify-ads"
          wget --no-check-certificate -c -O ./Adblock/Cache/Upstream/supersonic-ads.txt "https://raw.githubusercontent.com/v2fly/domain-list-community/master/data/supersonic-ads"
          wget --no-check-certificate -c -O ./Adblock/Cache/Upstream/taboola.txt "https://raw.githubusercontent.com/v2fly/domain-list-community/master/data/taboola"
          wget --no-check-certificate -c -O ./Adblock/Cache/Upstream/tagtic-ads.txt "https://raw.githubusercontent.com/v2fly/domain-list-community/master/data/tagtic-ads"
          wget --no-check-certificate -c -O ./Adblock/Cache/Upstream/tappx-ads.txt "https://raw.githubusercontent.com/v2fly/domain-list-community/master/data/tappx-ads"
          wget --no-check-certificate -c -O ./Adblock/Cache/Upstream/tencent-ads.txt "https://raw.githubusercontent.com/v2fly/domain-list-community/master/data/tencent-ads"
          wget --no-check-certificate -c -O ./Adblock/Cache/Upstream/uberads-ads.txt "https://raw.githubusercontent.com/v2fly/domain-list-community/master/data/uberads-ads"
          wget --no-check-certificate -c -O ./Adblock/Cache/Upstream/umeng-ads.txt "https://raw.githubusercontent.com/v2fly/domain-list-community/master/data/umeng-ads"
          wget --no-check-certificate -c -O ./Adblock/Cache/Upstream/unity-ads.txt "https://raw.githubusercontent.com/v2fly/domain-list-community/master/data/unity-ads"
          wget --no-check-certificate -c -O ./Adblock/Cache/Upstream/wteam-ads.txt "https://raw.githubusercontent.com/v2fly/domain-list-community/master/data/wteam-ads"
          wget --no-check-certificate -c -O ./Adblock/Cache/Upstream/xhamster-ads.txt "https://raw.githubusercontent.com/v2fly/domain-list-community/master/data/xhamster-ads"
          wget --no-check-certificate -c -O ./Adblock/Cache/Upstream/xiaomitv-ads.txt "https://raw.githubusercontent.com/v2fly/domain-list-community/master/data/xiaomitv-ads"
          wget --no-check-certificate -c -O ./Adblock/Cache/Upstream/yahoo-ads.txt "https://raw.githubusercontent.com/v2fly/domain-list-community/master/data/yahoo-ads"
          wget --no-check-certificate -c -O ./Adblock/Cache/Upstream/youku-ads.txt "https://raw.githubusercontent.com/v2fly/domain-list-community/master/data/youku-ads"
          wget --no-check-certificate -c -O ./Adblock/Cache/Upstream/zynga-ads.txt "https://raw.githubusercontent.com/v2fly/domain-list-community/master/data/zynga-ads"
          wget --no-check-certificate -c -O ./Adblock/Cache/Upstream/ilpl-hosts.txt "https://raw.githubusercontent.com/ilpl/ad-hosts/master/hosts"
          wget --no-check-certificate -c -O ./Adblock/Cache/Upstream/ilpl-hosts.txt "https://raw.githubusercontent.com/Loyalsoldier/domain-list-custom/release/category-ads-all.txt"
      - name: Find Files
        run:  |
          find ./Adblock/Source -type f -name "*.txt" | xargs cat > ./Adblock/Cache/Build/source.txt
          find ./Adblock/Cache/Upstream -type f -name "*.txt" | xargs cat > ./Adblock/Cache/Build/upstream.txt
          cat  ./Adblock/Cache/Build/source.txt  ./Adblock/Cache/Build/upstream.txt >  ./Adblock/Cache/Build/adblock.txt
      - name: Sort Files
        run:  |
          sed -e '/^#/d' ./Adblock/Cache/Build/adblock.txt > ./Adblock/Cache/Build/2.txt
          sed -e '/^include:/d' ./Adblock/Cache/Build/2.txt > ./Adblock/Cache/Build/3.txt
          sed -e '/^regexp:/d' ./Adblock/Cache/Build/3.txt > ./Adblock/Cache/Build/4.txt
          sed -e 's/ @ads//' ./Adblock/Cache/Build/4.txt > ./Adblock/Cache/Build/5.txt
          sed -e 's/full://' ./Adblock/Cache/Build/5.txt > ./Adblock/Cache/Build/6.txt
          sed -e 's/domain://' ./Adblock/Cache/Build/6.txt > ./Adblock/Cache/Build/7.txt
          sed -e 's/0.0.0.0 //' ./Adblock/Cache/Build/7.txt > ./Adblock/Cache/Build/8.txt
          sed -e '/^$/d' ./Adblock/Cache/Build/8.txt > ./Adblock/Cache/Build/9.txt
          sort -u ./Adblock/Cache/Build/9.txt > ./Adblock/Cache/Build/10.txt
      - name: Adblock.rsc
        run:  |
          chmod +x ./Adblock/Build.sh
          ./Adblock/Build.sh
      - name: Commit & Push changes
        uses: actions-js/push@master
        with:
          github_token: ${{ secrets.GITHUB_TOKEN }}