name: Build Adblock.rsc
on:
  schedule:
    - cron: "* 18 * * *"
#  push:
#    branches: [ main ]
#  pull_request:
#    branches: [ main ]
  workflow_dispatch:
jobs:
  build:
    name: Build Adblock.rsc
    runs-on: ubuntu-latest
    steps:
      - name: Checkout
        uses: actions/checkout@v2
      - name: Build Adblock.rsc
        run:  |
          chmod +x .Adblock/Upstream.sh && .Adblock/Upstream.sh
          chmod +x .Adblock/Build.sh && .Adblock/Build.sh
      - name: Commit & Push changes
        uses: actions-js/push@master
        with:
          github_token: ${{ secrets.GITHUB_TOKEN }}
